Microsoft Visual Studio Solution File, Format Version 12.00
# Visual Studio Version 17
VisualStudioVersion = 17.14.36127.28
MinimumVisualStudioVersion = 10.0.40219.1
Project("{FAE04EC0-301F-11D3-BF4B-00C04F79EFBC}") = "Famoria.AppHost", "aspire\Famoria.AppHost\Famoria.AppHost.csproj", "{F9FE55AA-5055-4DA4-80D0-2ED2DCD58C98}"
EndProject
Project("{FAE04EC0-301F-11D3-BF4B-00C04F79EFBC}") = "Famoria.ServiceDefaults", "aspire\Famoria.ServiceDefaults\Famoria.ServiceDefaults.csproj", "{4E6F9C89-E92A-95F8-8E55-41B9AB192947}"
EndProject
Project("{2150E333-8FDC-42A3-9474-1A3956D46DE8}") = "aspire", "aspire", "{02EA681E-C7D8-13C7-8484-4AC65E1B71E8}"
EndProject
Project("{2150E333-8FDC-42A3-9474-1A3956D46DE8}") = "src", "src", "{6336FC27-BD35-466A-94CE-7B3CDD3A449F}"
EndProject
Project("{2150E333-8FDC-42A3-9474-1A3956D46DE8}") = "test", "test", "{283845B3-EDBD-406E-A08B-EA1742DEF200}"
EndProject
Project("{FAE04EC0-301F-11D3-BF4B-00C04F79EFBC}") = "Famoria.Domain", "src\Famoria.Domain\Famoria.Domain.csproj", "{81DC24FE-F5B1-42EE-AD3B-712FF7CDCA67}"
EndProject
Project("{FAE04EC0-301F-11D3-BF4B-00C04F79EFBC}") = "Famoria.Api", "src\Famoria.Api\Famoria.Api.csproj", "{24A3150D-778C-B2D4-18C0-7224EDA8CD70}"
EndProject
Project("{FAE04EC0-301F-11D3-BF4B-00C04F79EFBC}") = "Famoria.Email.Fetcher.Worker", "src\Famoria.Email.Fetcher.Worker\Famoria.Email.Fetcher.Worker.csproj", "{22905470-52A8-A6B9-17C7-701612174C5A}"
EndProject
Project("{FAE04EC0-301F-11D3-BF4B-00C04F79EFBC}") = "Famoria.Infrastructure", "src\Famoria.Infrastructure\Famoria.Infrastructure.csproj", "{B7F3BA21-4012-4D7F-947D-67EFB55E71C2}"
EndProject
Project("{FAE04EC0-301F-11D3-BF4B-00C04F79EFBC}") = "Famoria.Application", "src\Famoria.Application\Famoria.Application.csproj", "{C040190A-E10E-4FE0-B026-4C8B35616829}"
EndProject
Project("{FAE04EC0-301F-11D3-BF4B-00C04F79EFBC}") = "Famoria.Email.Filter.Worker", "src\Famoria.Email.Filter.Worker\Famoria.Email.Filter.Worker.csproj", "{977598A6-43A7-13EB-AAA6-5A2655C99F57}"
EndProject
Project("{FAE04EC0-301F-11D3-BF4B-00C04F79EFBC}") = "Famoria.Tasker.Worker", "src\Famoria.Tasker.Worker\Famoria.Tasker.Worker.csproj", "{3A4E274C-067B-3790-DB26-CFEF88BCA5DA}"
EndProject
Project("{FAE04EC0-301F-11D3-BF4B-00C04F79EFBC}") = "Famoria.Summarizer.Worker", "src\Famoria.Summarizer.Worker\Famoria.Summarizer.Worker.csproj", "{195BF20F-5D93-8F2A-2529-9DE338453FAA}"
EndProject
Global
	GlobalSection(SolutionConfigurationPlatforms) = preSolution
		Debug|Any CPU = Debug|Any CPU
		Release|Any CPU = Release|Any CPU
	EndGlobalSection
	GlobalSection(ProjectConfigurationPlatforms) = postSolution
		{F9FE55AA-5055-4DA4-80D0-2ED2DCD58C98}.Debug|Any CPU.ActiveCfg = Debug|Any CPU
		{F9FE55AA-5055-4DA4-80D0-2ED2DCD58C98}.Debug|Any CPU.Build.0 = Debug|Any CPU
		{F9FE55AA-5055-4DA4-80D0-2ED2DCD58C98}.Release|Any CPU.ActiveCfg = Release|Any CPU
		{F9FE55AA-5055-4DA4-80D0-2ED2DCD58C98}.Release|Any CPU.Build.0 = Release|Any CPU
		{4E6F9C89-E92A-95F8-8E55-41B9AB192947}.Debug|Any CPU.ActiveCfg = Debug|Any CPU
		{4E6F9C89-E92A-95F8-8E55-41B9AB192947}.Debug|Any CPU.Build.0 = Debug|Any CPU
		{4E6F9C89-E92A-95F8-8E55-41B9AB192947}.Release|Any CPU.ActiveCfg = Release|Any CPU
		{4E6F9C89-E92A-95F8-8E55-41B9AB192947}.Release|Any CPU.Build.0 = Release|Any CPU
		{81DC24FE-F5B1-42EE-AD3B-712FF7CDCA67}.Debug|Any CPU.ActiveCfg = Debug|Any CPU
		{81DC24FE-F5B1-42EE-AD3B-712FF7CDCA67}.Debug|Any CPU.Build.0 = Debug|Any CPU
		{81DC24FE-F5B1-42EE-AD3B-712FF7CDCA67}.Release|Any CPU.ActiveCfg = Release|Any CPU
		{81DC24FE-F5B1-42EE-AD3B-712FF7CDCA67}.Release|Any CPU.Build.0 = Release|Any CPU
		{24A3150D-778C-B2D4-18C0-7224EDA8CD70}.Debug|Any CPU.ActiveCfg = Debug|Any CPU
		{24A3150D-778C-B2D4-18C0-7224EDA8CD70}.Debug|Any CPU.Build.0 = Debug|Any CPU
		{24A3150D-778C-B2D4-18C0-7224EDA8CD70}.Release|Any CPU.ActiveCfg = Release|Any CPU
		{24A3150D-778C-B2D4-18C0-7224EDA8CD70}.Release|Any CPU.Build.0 = Release|Any CPU
		{22905470-52A8-A6B9-17C7-701612174C5A}.Debug|Any CPU.ActiveCfg = Debug|Any CPU
		{22905470-52A8-A6B9-17C7-701612174C5A}.Debug|Any CPU.Build.0 = Debug|Any CPU
		{22905470-52A8-A6B9-17C7-701612174C5A}.Release|Any CPU.ActiveCfg = Release|Any CPU
		{22905470-52A8-A6B9-17C7-701612174C5A}.Release|Any CPU.Build.0 = Release|Any CPU
		{B7F3BA21-4012-4D7F-947D-67EFB55E71C2}.Debug|Any CPU.ActiveCfg = Debug|Any CPU
		{B7F3BA21-4012-4D7F-947D-67EFB55E71C2}.Debug|Any CPU.Build.0 = Debug|Any CPU
		{B7F3BA21-4012-4D7F-947D-67EFB55E71C2}.Release|Any CPU.ActiveCfg = Release|Any CPU
		{B7F3BA21-4012-4D7F-947D-67EFB55E71C2}.Release|Any CPU.Build.0 = Release|Any CPU
		{C040190A-E10E-4FE0-B026-4C8B35616829}.Debug|Any CPU.ActiveCfg = Debug|Any CPU
		{C040190A-E10E-4FE0-B026-4C8B35616829}.Debug|Any CPU.Build.0 = Debug|Any CPU
		{C040190A-E10E-4FE0-B026-4C8B35616829}.Release|Any CPU.ActiveCfg = Release|Any CPU
		{C040190A-E10E-4FE0-B026-4C8B35616829}.Release|Any CPU.Build.0 = Release|Any CPU
		{977598A6-43A7-13EB-AAA6-5A2655C99F57}.Debug|Any CPU.ActiveCfg = Debug|Any CPU
		{977598A6-43A7-13EB-AAA6-5A2655C99F57}.Debug|Any CPU.Build.0 = Debug|Any CPU
		{977598A6-43A7-13EB-AAA6-5A2655C99F57}.Release|Any CPU.ActiveCfg = Release|Any CPU
		{977598A6-43A7-13EB-AAA6-5A2655C99F57}.Release|Any CPU.Build.0 = Release|Any CPU
		{3A4E274C-067B-3790-DB26-CFEF88BCA5DA}.Debug|Any CPU.ActiveCfg = Debug|Any CPU
		{3A4E274C-067B-3790-DB26-CFEF88BCA5DA}.Debug|Any CPU.Build.0 = Debug|Any CPU
		{3A4E274C-067B-3790-DB26-CFEF88BCA5DA}.Release|Any CPU.ActiveCfg = Release|Any CPU
		{3A4E274C-067B-3790-DB26-CFEF88BCA5DA}.Release|Any CPU.Build.0 = Release|Any CPU
		{195BF20F-5D93-8F2A-2529-9DE338453FAA}.Debug|Any CPU.ActiveCfg = Debug|Any CPU
		{195BF20F-5D93-8F2A-2529-9DE338453FAA}.Debug|Any CPU.Build.0 = Debug|Any CPU
		{195BF20F-5D93-8F2A-2529-9DE338453FAA}.Release|Any CPU.ActiveCfg = Release|Any CPU
		{195BF20F-5D93-8F2A-2529-9DE338453FAA}.Release|Any CPU.Build.0 = Release|Any CPU
	EndGlobalSection
	GlobalSection(SolutionProperties) = preSolution
		HideSolutionNode = FALSE
	EndGlobalSection
	GlobalSection(NestedProjects) = preSolution
		{F9FE55AA-5055-4DA4-80D0-2ED2DCD58C98} = {02EA681E-C7D8-13C7-8484-4AC65E1B71E8}
		{4E6F9C89-E92A-95F8-8E55-41B9AB192947} = {02EA681E-C7D8-13C7-8484-4AC65E1B71E8}
		{81DC24FE-F5B1-42EE-AD3B-712FF7CDCA67} = {6336FC27-BD35-466A-94CE-7B3CDD3A449F}
		{24A3150D-778C-B2D4-18C0-7224EDA8CD70} = {6336FC27-BD35-466A-94CE-7B3CDD3A449F}
		{22905470-52A8-A6B9-17C7-701612174C5A} = {6336FC27-BD35-466A-94CE-7B3CDD3A449F}
		{B7F3BA21-4012-4D7F-947D-67EFB55E71C2} = {6336FC27-BD35-466A-94CE-7B3CDD3A449F}
		{C040190A-E10E-4FE0-B026-4C8B35616829} = {6336FC27-BD35-466A-94CE-7B3CDD3A449F}
		{977598A6-43A7-13EB-AAA6-5A2655C99F57} = {6336FC27-BD35-466A-94CE-7B3CDD3A449F}
		{3A4E274C-067B-3790-DB26-CFEF88BCA5DA} = {6336FC27-BD35-466A-94CE-7B3CDD3A449F}
		{195BF20F-5D93-8F2A-2529-9DE338453FAA} = {6336FC27-BD35-466A-94CE-7B3CDD3A449F}
	EndGlobalSection
	GlobalSection(ExtensibilityGlobals) = postSolution
		SolutionGuid = {81CC577E-42B2-4FDD-9381-3AACB2821ECF}
	EndGlobalSection
EndGlobal
